
Microsoft Visual Studio Solution File, Format Version 12.00
# Visual Studio Version 16
VisualStudioVersion = 16.0.29709.97
MinimumVisualStudioVersion = 10.0.40219.1
Project("{FAE04EC0-301F-11D3-BF4B-00C04F79EFBC}") = "ComicSame.Enties", "ComicSame.Enties\ComicSame.Enties.csproj", "{6F39924A-80F0-4641-AF71-FD55394568BD}"
EndProject
Project("{FAE04EC0-301F-11D3-BF4B-00C04F79EFBC}") = "ComicSame.BusinessCore", "ComicSame.BusinessCore\ComicSame.BusinessCore.csproj", "{35674DE6-ED89-4A33-B262-F3750069A85C}"
EndProject
Project("{FAE04EC0-301F-11D3-BF4B-00C04F79EFBC}") = "ComicSame.Api", "ComicSame.Api\ComicSame.Api.csproj", "{4A9EEEBD-D672-45C6-8A2F-7009F84E8AB0}"
EndProject
Project("{FAE04EC0-301F-11D3-BF4B-00C04F79EFBC}") = "ComicSame.Utility", "ComicSame.Utility\ComicSame.Utility.csproj", "{F6A0209C-963E-40BE-9093-83C9B4A1AC2D}"
EndProject
Project("{FAE04EC0-301F-11D3-BF4B-00C04F79EFBC}") = "ComicSame.SSO", "ComicSame.SSO\ComicSame.SSO.csproj", "{8E0D95A4-4C3C-4637-92C0-AA1BB80D5A69}"
EndProject
Global
	GlobalSection(SolutionConfigurationPlatforms) = preSolution
		Debug|Any CPU = Debug|Any CPU
		Release|Any CPU = Release|Any CPU
	EndGlobalSection
	GlobalSection(ProjectConfigurationPlatforms) = postSolution
		{6F39924A-80F0-4641-AF71-FD55394568BD}.Debug|Any CPU.ActiveCfg = Debug|Any CPU
		{6F39924A-80F0-4641-AF71-FD55394568BD}.Debug|Any CPU.Build.0 = Debug|Any CPU
		{6F39924A-80F0-4641-AF71-FD55394568BD}.Release|Any CPU.ActiveCfg = Release|Any CPU
		{6F39924A-80F0-4641-AF71-FD55394568BD}.Release|Any CPU.Build.0 = Release|Any CPU
		{35674DE6-ED89-4A33-B262-F3750069A85C}.Debug|Any CPU.ActiveCfg = Debug|Any CPU
		{35674DE6-ED89-4A33-B262-F3750069A85C}.Debug|Any CPU.Build.0 = Debug|Any CPU
		{35674DE6-ED89-4A33-B262-F3750069A85C}.Release|Any CPU.ActiveCfg = Release|Any CPU
		{35674DE6-ED89-4A33-B262-F3750069A85C}.Release|Any CPU.Build.0 = Release|Any CPU
		{4A9EEEBD-D672-45C6-8A2F-7009F84E8AB0}.Debug|Any CPU.ActiveCfg = Debug|Any CPU
		{4A9EEEBD-D672-45C6-8A2F-7009F84E8AB0}.Debug|Any CPU.Build.0 = Debug|Any CPU
		{4A9EEEBD-D672-45C6-8A2F-7009F84E8AB0}.Release|Any CPU.ActiveCfg = Release|Any CPU
		{4A9EEEBD-D672-45C6-8A2F-7009F84E8AB0}.Release|Any CPU.Build.0 = Release|Any CPU
		{F6A0209C-963E-40BE-9093-83C9B4A1AC2D}.Debug|Any CPU.ActiveCfg = Debug|Any CPU
		{F6A0209C-963E-40BE-9093-83C9B4A1AC2D}.Debug|Any CPU.Build.0 = Debug|Any CPU
		{F6A0209C-963E-40BE-9093-83C9B4A1AC2D}.Release|Any CPU.ActiveCfg = Release|Any CPU
		{F6A0209C-963E-40BE-9093-83C9B4A1AC2D}.Release|Any CPU.Build.0 = Release|Any CPU
		{8E0D95A4-4C3C-4637-92C0-AA1BB80D5A69}.Debug|Any CPU.ActiveCfg = Debug|Any CPU
		{8E0D95A4-4C3C-4637-92C0-AA1BB80D5A69}.Debug|Any CPU.Build.0 = Debug|Any CPU
		{8E0D95A4-4C3C-4637-92C0-AA1BB80D5A69}.Release|Any CPU.ActiveCfg = Release|Any CPU
		{8E0D95A4-4C3C-4637-92C0-AA1BB80D5A69}.Release|Any CPU.Build.0 = Release|Any CPU
	EndGlobalSection
	GlobalSection(SolutionProperties) = preSolution
		HideSolutionNode = FALSE
	EndGlobalSection
	GlobalSection(ExtensibilityGlobals) = postSolution
		SolutionGuid = {D61F8416-F403-4459-8287-7E83DE398C42}
	EndGlobalSection
EndGlobal
